
Microsoft Visual Studio Solution File, Format Version 12.00
# Visual Studio Version 16
VisualStudioVersion = 16.0.32106.194
MinimumVisualStudioVersion = 10.0.40219.1
Project("{FAE04EC0-301F-11D3-BF4B-00C04F79EFBC}") = "Modul_10", "Modul_10\Modul_10.csproj", "{1AC9A4B9-9F94-4327-BC74-3F58EE6FFB37}"
EndProject
Global
	GlobalSection(SolutionConfigurationPlatforms) = preSolution
		Debug|Any CPU = Debug|Any CPU
		Release|Any CPU = Release|Any CPU
	EndGlobalSection
	GlobalSection(ProjectConfigurationPlatforms) = postSolution
		{1AC9A4B9-9F94-4327-BC74-3F58EE6FFB37}.Debug|Any CPU.ActiveCfg = Debug|Any CPU
		{1AC9A4B9-9F94-4327-BC74-3F58EE6FFB37}.Debug|Any CPU.Build.0 = Debug|Any CPU
		{1AC9A4B9-9F94-4327-BC74-3F58EE6FFB37}.Release|Any CPU.ActiveCfg = Release|Any CPU
		{1AC9A4B9-9F94-4327-BC74-3F58EE6FFB37}.Release|Any CPU.Build.0 = Release|Any CPU
	EndGlobalSection
	GlobalSection(SolutionProperties) = preSolution
		HideSolutionNode = FALSE
	EndGlobalSection
	GlobalSection(ExtensibilityGlobals) = postSolution
		SolutionGuid = {424F659A-BB13-4B12-9997-1EB3A8159A9D}
	EndGlobalSection
EndGlobal
